
Microsoft Visual Studio Solution File, Format Version 12.00
# Visual Studio Version 17
VisualStudioVersion = 17.0.31903.59
MinimumVisualStudioVersion = 10.0.40219.1
Project("{FAE04EC0-301F-11D3-BF4B-00C04F79EFBC}") = "Library", "Library\Library.csproj", "{C92FDE8F-323F-4F23-BCB0-04FAB5D9861D}"
EndProject
Project("{2150E333-8FDC-42A3-9474-1A3956D46DE8}") = "Tasks", "Tasks", "{970BF074-B3F2-4F08-8378-CA2406FBA7BE}"
EndProject
Project("{FAE04EC0-301F-11D3-BF4B-00C04F79EFBC}") = "Task_10", "Tasks\Task_10\Task_10.csproj", "{FD62599A-0A28-48D2-9582-F2B04AE89CC1}"
EndProject
Project("{FAE04EC0-301F-11D3-BF4B-00C04F79EFBC}") = "Task_9", "Tasks\Task_9\Task_9.csproj", "{C8B4E101-2DB7-4298-AAD9-FEE8C4682F60}"
EndProject
Project("{2150E333-8FDC-42A3-9474-1A3956D46DE8}") = "Homeworks", "Homeworks", "{644A80A0-71FD-407A-8096-F80305A5940D}"
EndProject
Project("{FAE04EC0-301F-11D3-BF4B-00C04F79EFBC}") = "HomeWork_14", "Homeworks\HomeWork_14\HomeWork_14.csproj", "{C8010673-D998-4FC3-944B-673F09B70DC0}"
EndProject
Project("{FAE04EC0-301F-11D3-BF4B-00C04F79EFBC}") = "HomeWork_15", "Homeworks\HomeWork_15\HomeWork_15.csproj", "{857199A7-31DA-4310-B986-74D615EDE700}"
EndProject
Project("{FAE04EC0-301F-11D3-BF4B-00C04F79EFBC}") = "HomeWork_16", "Homeworks\HomeWork_16\HomeWork_16.csproj", "{35B347B9-9D73-465F-B5C0-2EB05E223477}"
EndProject
Project("{2150E333-8FDC-42A3-9474-1A3956D46DE8}") = "Lesson_6", "Lesson_6", "{7D81E653-7965-4D6C-B52A-F5FFC52FF938}"
EndProject
Project("{FAE04EC0-301F-11D3-BF4B-00C04F79EFBC}") = "HomeWork_17", "Homeworks\Lesson_6\HomeWork_17\HomeWork_17.csproj", "{995F9CAF-5B07-4D4C-8A99-0026089C3C05}"
EndProject
Project("{FAE04EC0-301F-11D3-BF4B-00C04F79EFBC}") = "HomeWork_18", "Homeworks\Lesson_6\HomeWork_18\HomeWork_18.csproj", "{DD9D476D-8D58-40E5-A919-9DBA88EE7BAF}"
EndProject
Project("{2150E333-8FDC-42A3-9474-1A3956D46DE8}") = "Lesson_7", "Lesson_7", "{D5A0CE72-E126-4808-BC37-5EF2F5FF230C}"
EndProject
Project("{FAE04EC0-301F-11D3-BF4B-00C04F79EFBC}") = "Task_1", "Homeworks\Lesson_7\Task_1\Task_1.csproj", "{F127CB1E-ADAF-42D6-A0BB-2B521BA67816}"
EndProject
Project("{FAE04EC0-301F-11D3-BF4B-00C04F79EFBC}") = "Task_2", "Homeworks\Lesson_7\Task_2\Task_2.csproj", "{ED9066DA-4930-4AC2-B439-19DEF62F57D9}"
EndProject
Project("{FAE04EC0-301F-11D3-BF4B-00C04F79EFBC}") = "Task_3", "Homeworks\Lesson_7\Task_3\Task_3.csproj", "{D65455DF-0ED2-4B03-930A-2831F2B19FC4}"
EndProject
Project("{2150E333-8FDC-42A3-9474-1A3956D46DE8}") = "Lesson_8", "Lesson_8", "{2086F4F5-96C1-4205-8671-067ED8BEC46B}"
EndProject
Project("{FAE04EC0-301F-11D3-BF4B-00C04F79EFBC}") = "Task_1", "Homeworks\Lesson_8\Task_1\Task_1.csproj", "{7F473891-A0FF-49C8-86FB-152F0C703D1A}"
EndProject
Project("{FAE04EC0-301F-11D3-BF4B-00C04F79EFBC}") = "Task_2", "Homeworks\Lesson_8\Task_2\Task_2.csproj", "{CEA47C44-F360-4C23-B218-569FD538D36F}"
EndProject
Project("{2150E333-8FDC-42A3-9474-1A3956D46DE8}") = "Lesson_9", "Lesson_9", "{18928552-5E60-4B6E-8C08-349A0B5E3ECC}"
EndProject
Project("{FAE04EC0-301F-11D3-BF4B-00C04F79EFBC}") = "Task_1", "Homeworks\Lesson_9\Task_1\Task_1.csproj", "{D82F37CA-699B-4EF7-8A5E-BBEDF06F7273}"
EndProject
Project("{FAE04EC0-301F-11D3-BF4B-00C04F79EFBC}") = "Task_2", "Homeworks\Lesson_9\Task_2\Task_2.csproj", "{0EE91CB1-EFC0-4AB3-99D5-6D797AEFA04E}"
EndProject
Project("{FAE04EC0-301F-11D3-BF4B-00C04F79EFBC}") = "Task_3", "Homeworks\Lesson_9\Task_3\Task_3.csproj", "{2D3A8557-C245-4012-9654-75B51F9976AE}"
EndProject
Global
	GlobalSection(SolutionConfigurationPlatforms) = preSolution
		Debug|Any CPU = Debug|Any CPU
		Release|Any CPU = Release|Any CPU
	EndGlobalSection
	GlobalSection(SolutionProperties) = preSolution
		HideSolutionNode = FALSE
	EndGlobalSection
	GlobalSection(ProjectConfigurationPlatforms) = postSolution
		{C92FDE8F-323F-4F23-BCB0-04FAB5D9861D}.Debug|Any CPU.ActiveCfg = Debug|Any CPU
		{C92FDE8F-323F-4F23-BCB0-04FAB5D9861D}.Debug|Any CPU.Build.0 = Debug|Any CPU
		{C92FDE8F-323F-4F23-BCB0-04FAB5D9861D}.Release|Any CPU.ActiveCfg = Release|Any CPU
		{C92FDE8F-323F-4F23-BCB0-04FAB5D9861D}.Release|Any CPU.Build.0 = Release|Any CPU
		{FD62599A-0A28-48D2-9582-F2B04AE89CC1}.Debug|Any CPU.ActiveCfg = Debug|Any CPU
		{FD62599A-0A28-48D2-9582-F2B04AE89CC1}.Debug|Any CPU.Build.0 = Debug|Any CPU
		{FD62599A-0A28-48D2-9582-F2B04AE89CC1}.Release|Any CPU.ActiveCfg = Release|Any CPU
		{FD62599A-0A28-48D2-9582-F2B04AE89CC1}.Release|Any CPU.Build.0 = Release|Any CPU
		{C8B4E101-2DB7-4298-AAD9-FEE8C4682F60}.Debug|Any CPU.ActiveCfg = Debug|Any CPU
		{C8B4E101-2DB7-4298-AAD9-FEE8C4682F60}.Debug|Any CPU.Build.0 = Debug|Any CPU
		{C8B4E101-2DB7-4298-AAD9-FEE8C4682F60}.Release|Any CPU.ActiveCfg = Release|Any CPU
		{C8B4E101-2DB7-4298-AAD9-FEE8C4682F60}.Release|Any CPU.Build.0 = Release|Any CPU
		{C8010673-D998-4FC3-944B-673F09B70DC0}.Debug|Any CPU.ActiveCfg = Debug|Any CPU
		{C8010673-D998-4FC3-944B-673F09B70DC0}.Debug|Any CPU.Build.0 = Debug|Any CPU
		{C8010673-D998-4FC3-944B-673F09B70DC0}.Release|Any CPU.ActiveCfg = Release|Any CPU
		{C8010673-D998-4FC3-944B-673F09B70DC0}.Release|Any CPU.Build.0 = Release|Any CPU
		{857199A7-31DA-4310-B986-74D615EDE700}.Debug|Any CPU.ActiveCfg = Debug|Any CPU
		{857199A7-31DA-4310-B986-74D615EDE700}.Debug|Any CPU.Build.0 = Debug|Any CPU
		{857199A7-31DA-4310-B986-74D615EDE700}.Release|Any CPU.ActiveCfg = Release|Any CPU
		{857199A7-31DA-4310-B986-74D615EDE700}.Release|Any CPU.Build.0 = Release|Any CPU
		{35B347B9-9D73-465F-B5C0-2EB05E223477}.Debug|Any CPU.ActiveCfg = Debug|Any CPU
		{35B347B9-9D73-465F-B5C0-2EB05E223477}.Debug|Any CPU.Build.0 = Debug|Any CPU
		{35B347B9-9D73-465F-B5C0-2EB05E223477}.Release|Any CPU.ActiveCfg = Release|Any CPU
		{35B347B9-9D73-465F-B5C0-2EB05E223477}.Release|Any CPU.Build.0 = Release|Any CPU
		{995F9CAF-5B07-4D4C-8A99-0026089C3C05}.Debug|Any CPU.ActiveCfg = Debug|Any CPU
		{995F9CAF-5B07-4D4C-8A99-0026089C3C05}.Debug|Any CPU.Build.0 = Debug|Any CPU
		{995F9CAF-5B07-4D4C-8A99-0026089C3C05}.Release|Any CPU.ActiveCfg = Release|Any CPU
		{995F9CAF-5B07-4D4C-8A99-0026089C3C05}.Release|Any CPU.Build.0 = Release|Any CPU
		{DD9D476D-8D58-40E5-A919-9DBA88EE7BAF}.Debug|Any CPU.ActiveCfg = Debug|Any CPU
		{DD9D476D-8D58-40E5-A919-9DBA88EE7BAF}.Debug|Any CPU.Build.0 = Debug|Any CPU
		{DD9D476D-8D58-40E5-A919-9DBA88EE7BAF}.Release|Any CPU.ActiveCfg = Release|Any CPU
		{DD9D476D-8D58-40E5-A919-9DBA88EE7BAF}.Release|Any CPU.Build.0 = Release|Any CPU
		{F127CB1E-ADAF-42D6-A0BB-2B521BA67816}.Debug|Any CPU.ActiveCfg = Debug|Any CPU
		{F127CB1E-ADAF-42D6-A0BB-2B521BA67816}.Debug|Any CPU.Build.0 = Debug|Any CPU
		{F127CB1E-ADAF-42D6-A0BB-2B521BA67816}.Release|Any CPU.ActiveCfg = Release|Any CPU
		{F127CB1E-ADAF-42D6-A0BB-2B521BA67816}.Release|Any CPU.Build.0 = Release|Any CPU
		{ED9066DA-4930-4AC2-B439-19DEF62F57D9}.Debug|Any CPU.ActiveCfg = Debug|Any CPU
		{ED9066DA-4930-4AC2-B439-19DEF62F57D9}.Debug|Any CPU.Build.0 = Debug|Any CPU
		{ED9066DA-4930-4AC2-B439-19DEF62F57D9}.Release|Any CPU.ActiveCfg = Release|Any CPU
		{ED9066DA-4930-4AC2-B439-19DEF62F57D9}.Release|Any CPU.Build.0 = Release|Any CPU
		{D65455DF-0ED2-4B03-930A-2831F2B19FC4}.Debug|Any CPU.ActiveCfg = Debug|Any CPU
		{D65455DF-0ED2-4B03-930A-2831F2B19FC4}.Debug|Any CPU.Build.0 = Debug|Any CPU
		{D65455DF-0ED2-4B03-930A-2831F2B19FC4}.Release|Any CPU.ActiveCfg = Release|Any CPU
		{D65455DF-0ED2-4B03-930A-2831F2B19FC4}.Release|Any CPU.Build.0 = Release|Any CPU
		{7F473891-A0FF-49C8-86FB-152F0C703D1A}.Debug|Any CPU.ActiveCfg = Debug|Any CPU
		{7F473891-A0FF-49C8-86FB-152F0C703D1A}.Debug|Any CPU.Build.0 = Debug|Any CPU
		{7F473891-A0FF-49C8-86FB-152F0C703D1A}.Release|Any CPU.ActiveCfg = Release|Any CPU
		{7F473891-A0FF-49C8-86FB-152F0C703D1A}.Release|Any CPU.Build.0 = Release|Any CPU
		{CEA47C44-F360-4C23-B218-569FD538D36F}.Debug|Any CPU.ActiveCfg = Debug|Any CPU
		{CEA47C44-F360-4C23-B218-569FD538D36F}.Debug|Any CPU.Build.0 = Debug|Any CPU
		{CEA47C44-F360-4C23-B218-569FD538D36F}.Release|Any CPU.ActiveCfg = Release|Any CPU
		{CEA47C44-F360-4C23-B218-569FD538D36F}.Release|Any CPU.Build.0 = Release|Any CPU
		{D82F37CA-699B-4EF7-8A5E-BBEDF06F7273}.Debug|Any CPU.ActiveCfg = Debug|Any CPU
		{D82F37CA-699B-4EF7-8A5E-BBEDF06F7273}.Debug|Any CPU.Build.0 = Debug|Any CPU
		{D82F37CA-699B-4EF7-8A5E-BBEDF06F7273}.Release|Any CPU.ActiveCfg = Release|Any CPU
		{D82F37CA-699B-4EF7-8A5E-BBEDF06F7273}.Release|Any CPU.Build.0 = Release|Any CPU
		{0EE91CB1-EFC0-4AB3-99D5-6D797AEFA04E}.Debug|Any CPU.ActiveCfg = Debug|Any CPU
		{0EE91CB1-EFC0-4AB3-99D5-6D797AEFA04E}.Debug|Any CPU.Build.0 = Debug|Any CPU
		{0EE91CB1-EFC0-4AB3-99D5-6D797AEFA04E}.Release|Any CPU.ActiveCfg = Release|Any CPU
		{0EE91CB1-EFC0-4AB3-99D5-6D797AEFA04E}.Release|Any CPU.Build.0 = Release|Any CPU
		{2D3A8557-C245-4012-9654-75B51F9976AE}.Debug|Any CPU.ActiveCfg = Debug|Any CPU
		{2D3A8557-C245-4012-9654-75B51F9976AE}.Debug|Any CPU.Build.0 = Debug|Any CPU
		{2D3A8557-C245-4012-9654-75B51F9976AE}.Release|Any CPU.ActiveCfg = Release|Any CPU
		{2D3A8557-C245-4012-9654-75B51F9976AE}.Release|Any CPU.Build.0 = Release|Any CPU
	EndGlobalSection
	GlobalSection(NestedProjects) = preSolution
		{FD62599A-0A28-48D2-9582-F2B04AE89CC1} = {970BF074-B3F2-4F08-8378-CA2406FBA7BE}
		{C8B4E101-2DB7-4298-AAD9-FEE8C4682F60} = {970BF074-B3F2-4F08-8378-CA2406FBA7BE}
		{C8010673-D998-4FC3-944B-673F09B70DC0} = {644A80A0-71FD-407A-8096-F80305A5940D}
		{857199A7-31DA-4310-B986-74D615EDE700} = {644A80A0-71FD-407A-8096-F80305A5940D}
		{35B347B9-9D73-465F-B5C0-2EB05E223477} = {644A80A0-71FD-407A-8096-F80305A5940D}
		{7D81E653-7965-4D6C-B52A-F5FFC52FF938} = {644A80A0-71FD-407A-8096-F80305A5940D}
		{995F9CAF-5B07-4D4C-8A99-0026089C3C05} = {7D81E653-7965-4D6C-B52A-F5FFC52FF938}
		{DD9D476D-8D58-40E5-A919-9DBA88EE7BAF} = {7D81E653-7965-4D6C-B52A-F5FFC52FF938}
		{D5A0CE72-E126-4808-BC37-5EF2F5FF230C} = {644A80A0-71FD-407A-8096-F80305A5940D}
		{F127CB1E-ADAF-42D6-A0BB-2B521BA67816} = {D5A0CE72-E126-4808-BC37-5EF2F5FF230C}
		{ED9066DA-4930-4AC2-B439-19DEF62F57D9} = {D5A0CE72-E126-4808-BC37-5EF2F5FF230C}
		{D65455DF-0ED2-4B03-930A-2831F2B19FC4} = {D5A0CE72-E126-4808-BC37-5EF2F5FF230C}
		{2086F4F5-96C1-4205-8671-067ED8BEC46B} = {644A80A0-71FD-407A-8096-F80305A5940D}
		{7F473891-A0FF-49C8-86FB-152F0C703D1A} = {2086F4F5-96C1-4205-8671-067ED8BEC46B}
		{CEA47C44-F360-4C23-B218-569FD538D36F} = {2086F4F5-96C1-4205-8671-067ED8BEC46B}
		{18928552-5E60-4B6E-8C08-349A0B5E3ECC} = {644A80A0-71FD-407A-8096-F80305A5940D}
		{D82F37CA-699B-4EF7-8A5E-BBEDF06F7273} = {18928552-5E60-4B6E-8C08-349A0B5E3ECC}
		{0EE91CB1-EFC0-4AB3-99D5-6D797AEFA04E} = {18928552-5E60-4B6E-8C08-349A0B5E3ECC}
		{2D3A8557-C245-4012-9654-75B51F9976AE} = {18928552-5E60-4B6E-8C08-349A0B5E3ECC}
	EndGlobalSection
EndGlobal
