
Microsoft Visual Studio Solution File, Format Version 12.00
# Visual Studio Version 17
VisualStudioVersion = 17.0.31903.59
MinimumVisualStudioVersion = 10.0.40219.1
Project("{FAE04EC0-301F-11D3-BF4B-00C04F79EFBC}") = "Library", "Library\Library.csproj", "{C92FDE8F-323F-4F23-BCB0-04FAB5D9861D}"
EndProject
Project("{2150E333-8FDC-42A3-9474-1A3956D46DE8}") = "Tasks", "Tasks", "{970BF074-B3F2-4F08-8378-CA2406FBA7BE}"
EndProject
Project("{FAE04EC0-301F-11D3-BF4B-00C04F79EFBC}") = "Task_10", "Tasks\Task_10\Task_10.csproj", "{FD62599A-0A28-48D2-9582-F2B04AE89CC1}"
EndProject
Project("{FAE04EC0-301F-11D3-BF4B-00C04F79EFBC}") = "Task_9", "Tasks\Task_9\Task_9.csproj", "{C8B4E101-2DB7-4298-AAD9-FEE8C4682F60}"
EndProject
Project("{2150E333-8FDC-42A3-9474-1A3956D46DE8}") = "Homeworks", "Homeworks", "{644A80A0-71FD-407A-8096-F80305A5940D}"
EndProject
Project("{FAE04EC0-301F-11D3-BF4B-00C04F79EFBC}") = "HomeWork_14", "Homeworks\HomeWork_14\HomeWork_14.csproj", "{C8010673-D998-4FC3-944B-673F09B70DC0}"
EndProject
Global
	GlobalSection(SolutionConfigurationPlatforms) = preSolution
		Debug|Any CPU = Debug|Any CPU
		Release|Any CPU = Release|Any CPU
	EndGlobalSection
	GlobalSection(SolutionProperties) = preSolution
		HideSolutionNode = FALSE
	EndGlobalSection
	GlobalSection(ProjectConfigurationPlatforms) = postSolution
		{C92FDE8F-323F-4F23-BCB0-04FAB5D9861D}.Debug|Any CPU.ActiveCfg = Debug|Any CPU
		{C92FDE8F-323F-4F23-BCB0-04FAB5D9861D}.Debug|Any CPU.Build.0 = Debug|Any CPU
		{C92FDE8F-323F-4F23-BCB0-04FAB5D9861D}.Release|Any CPU.ActiveCfg = Release|Any CPU
		{C92FDE8F-323F-4F23-BCB0-04FAB5D9861D}.Release|Any CPU.Build.0 = Release|Any CPU
		{FD62599A-0A28-48D2-9582-F2B04AE89CC1}.Debug|Any CPU.ActiveCfg = Debug|Any CPU
		{FD62599A-0A28-48D2-9582-F2B04AE89CC1}.Debug|Any CPU.Build.0 = Debug|Any CPU
		{FD62599A-0A28-48D2-9582-F2B04AE89CC1}.Release|Any CPU.ActiveCfg = Release|Any CPU
		{FD62599A-0A28-48D2-9582-F2B04AE89CC1}.Release|Any CPU.Build.0 = Release|Any CPU
		{C8B4E101-2DB7-4298-AAD9-FEE8C4682F60}.Debug|Any CPU.ActiveCfg = Debug|Any CPU
		{C8B4E101-2DB7-4298-AAD9-FEE8C4682F60}.Debug|Any CPU.Build.0 = Debug|Any CPU
		{C8B4E101-2DB7-4298-AAD9-FEE8C4682F60}.Release|Any CPU.ActiveCfg = Release|Any CPU
		{C8B4E101-2DB7-4298-AAD9-FEE8C4682F60}.Release|Any CPU.Build.0 = Release|Any CPU
		{C8010673-D998-4FC3-944B-673F09B70DC0}.Debug|Any CPU.ActiveCfg = Debug|Any CPU
		{C8010673-D998-4FC3-944B-673F09B70DC0}.Debug|Any CPU.Build.0 = Debug|Any CPU
		{C8010673-D998-4FC3-944B-673F09B70DC0}.Release|Any CPU.ActiveCfg = Release|Any CPU
		{C8010673-D998-4FC3-944B-673F09B70DC0}.Release|Any CPU.Build.0 = Release|Any CPU
	EndGlobalSection
	GlobalSection(NestedProjects) = preSolution
		{FD62599A-0A28-48D2-9582-F2B04AE89CC1} = {970BF074-B3F2-4F08-8378-CA2406FBA7BE}
		{C8B4E101-2DB7-4298-AAD9-FEE8C4682F60} = {970BF074-B3F2-4F08-8378-CA2406FBA7BE}
		{C8010673-D998-4FC3-944B-673F09B70DC0} = {644A80A0-71FD-407A-8096-F80305A5940D}
	EndGlobalSection
EndGlobal
